
Microsoft Visual Studio Solution File, Format Version 12.00
# Visual Studio Version 17
VisualStudioVersion = 17.14.36623.8 d17.14
MinimumVisualStudioVersion = 10.0.40219.1
Project("{FAE04EC0-301F-11D3-BF4B-00C04F79EFBC}") = "ConsoleGtp", "ConsoleGtp\ConsoleGtp.csproj", "{0E869246-CBAE-477E-BFB0-F1F823D3471C}"
EndProject
Global
	GlobalSection(SolutionConfigurationPlatforms) = preSolution
		Debug|Any CPU = Debug|Any CPU
		Release|Any CPU = Release|Any CPU
	EndGlobalSection
	GlobalSection(ProjectConfigurationPlatforms) = postSolution
		{0E869246-CBAE-477E-BFB0-F1F823D3471C}.Debug|Any CPU.ActiveCfg = Debug|Any CPU
		{0E869246-CBAE-477E-BFB0-F1F823D3471C}.Debug|Any CPU.Build.0 = Debug|Any CPU
		{0E869246-CBAE-477E-BFB0-F1F823D3471C}.Release|Any CPU.ActiveCfg = Release|Any CPU
		{0E869246-CBAE-477E-BFB0-F1F823D3471C}.Release|Any CPU.Build.0 = Release|Any CPU
	EndGlobalSection
	GlobalSection(SolutionProperties) = preSolution
		HideSolutionNode = FALSE
	EndGlobalSection
	GlobalSection(ExtensibilityGlobals) = postSolution
		SolutionGuid = {17E9836E-5493-4158-87FB-B5C364EF5001}
	EndGlobalSection
EndGlobal
